
Microsoft Visual Studio Solution File, Format Version 12.00
# Visual Studio Version 17
VisualStudioVersion = 17.0.32126.317
MinimumVisualStudioVersion = 10.0.40219.1
Project("{FAE04EC0-301F-11D3-BF4B-00C04F79EFBC}") = "SampleWinformCalculator", "SampleWinformCalculator\SampleWinformCalculator.csproj", "{2CEB4DC6-8468-44A8-B40F-F37D391DBE85}"
EndProject
Global
	GlobalSection(SolutionConfigurationPlatforms) = preSolution
		Debug|Any CPU = Debug|Any CPU
		Release|Any CPU = Release|Any CPU
	EndGlobalSection
	GlobalSection(ProjectConfigurationPlatforms) = postSolution
		{2CEB4DC6-8468-44A8-B40F-F37D391DBE85}.Debug|Any CPU.ActiveCfg = Debug|Any CPU
		{2CEB4DC6-8468-44A8-B40F-F37D391DBE85}.Debug|Any CPU.Build.0 = Debug|Any CPU
		{2CEB4DC6-8468-44A8-B40F-F37D391DBE85}.Release|Any CPU.ActiveCfg = Release|Any CPU
		{2CEB4DC6-8468-44A8-B40F-F37D391DBE85}.Release|Any CPU.Build.0 = Release|Any CPU
	EndGlobalSection
	GlobalSection(SolutionProperties) = preSolution
		HideSolutionNode = FALSE
	EndGlobalSection
	GlobalSection(ExtensibilityGlobals) = postSolution
		SolutionGuid = {E927ACA1-3CF9-44D1-8A61-D9814B6CB3D2}
	EndGlobalSection
EndGlobal
